
Microsoft Visual Studio Solution File, Format Version 12.00
# Visual Studio Version 17
VisualStudioVersion = 17.10.35013.160
MinimumVisualStudioVersion = 10.0.40219.1
Project("{FAE04EC0-301F-11D3-BF4B-00C04F79EFBC}") = "CrudDictionary", "CrudDictionary\CrudDictionary.csproj", "{544750AE-0046-4BF8-A228-9ECB2C9A9064}"
EndProject
Global
	GlobalSection(SolutionConfigurationPlatforms) = preSolution
		Debug|Any CPU = Debug|Any CPU
		Release|Any CPU = Release|Any CPU
	EndGlobalSection
	GlobalSection(ProjectConfigurationPlatforms) = postSolution
		{544750AE-0046-4BF8-A228-9ECB2C9A9064}.Debug|Any CPU.ActiveCfg = Debug|Any CPU
		{544750AE-0046-4BF8-A228-9ECB2C9A9064}.Debug|Any CPU.Build.0 = Debug|Any CPU
		{544750AE-0046-4BF8-A228-9ECB2C9A9064}.Release|Any CPU.ActiveCfg = Release|Any CPU
		{544750AE-0046-4BF8-A228-9ECB2C9A9064}.Release|Any CPU.Build.0 = Release|Any CPU
	EndGlobalSection
	GlobalSection(SolutionProperties) = preSolution
		HideSolutionNode = FALSE
	EndGlobalSection
	GlobalSection(ExtensibilityGlobals) = postSolution
		SolutionGuid = {4BDBA927-BB03-40D4-BAB7-714E081727B4}
	EndGlobalSection
EndGlobal
